<?xml version="1.0" encoding="utf-8"?>
<Project ToolsVersion="4.0" xmlns="http://schemas.microsoft.com/developer/msbuild/2003">
  <ItemGroup>
    <Filter Include="Generated Files">
      <UniqueIdentifier>{71ED8ED8-ACB9-4CE9-BBE1-E00B30144E11}</UniqueIdentifier>
      <Extensions>cpp;c;cxx;moc;h;def;odl;idl;res;</Extensions>
    </Filter>
    <Filter Include="Generated Files">
      <UniqueIdentifier>{71ED8ED8-ACB9-4CE9-BBE1-E00B30144E11}</UniqueIdentifier>
      <Extensions>cpp;c;cxx;moc;h;def;odl;idl;res;</Extensions>
    </Filter>
    <Filter Include="Header Files">
      <UniqueIdentifier>{93995380-89BD-4b04-88EB-625FBE52EBFB}</UniqueIdentifier>
      <Extensions>h;hpp;hxx;hm;inl;inc;xsd</Extensions>
    </Filter>
    <Filter Include="Header Files">
      <UniqueIdentifier>{93995380-89BD-4b04-88EB-625FBE52EBFB}</UniqueIdentifier>
      <Extensions>h;hpp;hxx;hm;inl;inc;xsd</Extensions>
    </Filter>
    <Filter Include="Source Files">
      <UniqueIdentifier>{4FC737F1-C7A5-4376-A066-2A32D752A2FF}</UniqueIdentifier>
      <Extensions>cpp;c;cxx;def;odl;idl;hpj;bat;asm;asmx</Extensions>
    </Filter>
    <Filter Include="Source Files">
      <UniqueIdentifier>{4FC737F1-C7A5-4376-A066-2A32D752A2FF}</UniqueIdentifier>
      <Extensions>cpp;c;cxx;def;odl;idl;hpj;bat;asm;asmx</Extensions>
    </Filter>
    <Filter Include="Generated Files\Debug">
      <UniqueIdentifier>{55057127-94f6-417b-be54-72c5672aa0ec}</UniqueIdentifier>
      <Extensions>cpp;moc</Extensions>
      <SourceControlFiles>False</SourceControlFiles>
    </Filter>
    <Filter Include="Generated Files\Release">
      <UniqueIdentifier>{53377181-0e64-459d-bab7-99abce3b87ea}</UniqueIdentifier>
      <Extensions>cpp;moc</Extensions>
      <SourceControlFiles>False</SourceControlFiles>
    </Filter>
    <Filter Include="Source Files\Generators">
      <UniqueIdentifier>{b3459fef-f271-461f-9813-748609644c29}</UniqueIdentifier>
    </Filter>
    <Filter Include="Source Files\GL">
      <UniqueIdentifier>{24786dde-3135-4de5-92a6-2acea7c66b7c}</UniqueIdentifier>
    </Filter>
    <Filter Include="Source Files\Notes">
      <UniqueIdentifier>{bacfdbc1-698b-4634-9c68-76106a13cd8d}</UniqueIdentifier>
    </Filter>
    <Filter Include="Source Files\Handlers">
      <UniqueIdentifier>{f40b37ee-187d-4ebd-b7f6-923140317982}</UniqueIdentifier>
    </Filter>
    <Filter Include="Source Files\UI">
      <UniqueIdentifier>{f2c0b728-9100-4f86-af64-73e21666302d}</UniqueIdentifier>
    </Filter>
    <Filter Include="Header Files\Generators">
      <UniqueIdentifier>{eeda3860-b58c-4bb0-8e5b-b1b88cc67937}</UniqueIdentifier>
    </Filter>
    <Filter Include="Header Files\GL">
      <UniqueIdentifier>{f3b2e099-90c1-4d71-b9c0-edbf190db6ae}</UniqueIdentifier>
    </Filter>
    <Filter Include="Header Files\Nodes">
      <UniqueIdentifier>{26b007d8-970d-4df1-8314-e9e4992e8c2f}</UniqueIdentifier>
    </Filter>
    <Filter Include="Header Files\Handlers">
      <UniqueIdentifier>{d3aa31b5-f382-4e9f-8d37-565c01e4b838}</UniqueIdentifier>
    </Filter>
    <Filter Include="Header Files\UI">
      <UniqueIdentifier>{400eb6ca-e2f4-4af4-9ab8-4bed1d4ccef1}</UniqueIdentifier>
    </Filter>
  </ItemGroup>
  <ItemGroup>
    <ClCompile Include="gameapplication.cpp">
      <Filter>Source Files</Filter>
    </ClCompile>
    <ClCompile Include="main.cpp">
      <Filter>Source Files</Filter>
    </ClCompile>
    <ClCompile Include="Debug\moc_basescene.cpp">
      <Filter>Generated Files\Debug</Filter>
    </ClCompile>
    <ClCompile Include="Release\moc_basescene.cpp">
      <Filter>Generated Files\Release</Filter>
    </ClCompile>
    <ClCompile Include="Debug\moc_gameapplication.cpp">
      <Filter>Generated Files\Debug</Filter>
    </ClCompile>
    <ClCompile Include="Release\moc_gameapplication.cpp">
      <Filter>Generated Files\Release</Filter>
    </ClCompile>
    <ClCompile Include="Debug\moc_scenecamera.cpp">
      <Filter>Generated Files\Debug</Filter>
    </ClCompile>
    <ClCompile Include="Release\moc_scenecamera.cpp">
      <Filter>Generated Files\Release</Filter>
    </ClCompile>
    <ClCompile Include="Debug\moc_scenenode.cpp">
      <Filter>Generated Files\Debug</Filter>
    </ClCompile>
    <ClCompile Include="Release\moc_scenenode.cpp">
      <Filter>Generated Files\Release</Filter>
    </ClCompile>
    <ClCompile Include="Debug\moc_window3d.cpp">
      <Filter>Generated Files\Debug</Filter>
    </ClCompile>
    <ClCompile Include="Release\moc_window3d.cpp">
      <Filter>Generated Files\Release</Filter>
    </ClCompile>
    <ClCompile Include="Generators\cavegenerator.cpp">
      <Filter>Source Files\Generators</Filter>
    </ClCompile>
    <ClCompile Include="Generators\objectsgenerator.cpp">
      <Filter>Source Files\Generators</Filter>
    </ClCompile>
    <ClCompile Include="Generators\roomgenerator.cpp">
      <Filter>Source Files\Generators</Filter>
    </ClCompile>
    <ClCompile Include="GL\basescene.cpp">
      <Filter>Source Files\GL</Filter>
    </ClCompile>
    <ClCompile Include="GL\glhelper.cpp">
      <Filter>Source Files\GL</Filter>
    </ClCompile>
    <ClCompile Include="GL\scenecamera.cpp">
      <Filter>Source Files\GL</Filter>
    </ClCompile>
    <ClCompile Include="GL\scenenode.cpp">
      <Filter>Source Files\GL</Filter>
    </ClCompile>
    <ClCompile Include="Nodes\cavewall.cpp">
      <Filter>Source Files\Notes</Filter>
    </ClCompile>
    <ClCompile Include="Nodes\exitnode.cpp">
      <Filter>Source Files\Notes</Filter>
    </ClCompile>
    <ClCompile Include="Nodes\playernode.cpp">
      <Filter>Source Files\Notes</Filter>
    </ClCompile>
    <ClCompile Include="Nodes\skybox.cpp">
      <Filter>Source Files\Notes</Filter>
    </ClCompile>
    <ClCompile Include="Handlers\collisionhandler.cpp">
      <Filter>Source Files\Handlers</Filter>
    </ClCompile>
    <ClCompile Include="UI\window3d.cpp">
      <Filter>Source Files\UI</Filter>
    </ClCompile>
    <ClCompile Include="GL\texturecache.cpp">
      <Filter>Source Files\GL</Filter>
    </ClCompile>
  </ItemGroup>
  <ItemGroup>
    <CustomBuild Include="gameapplication.h">
      <Filter>Header Files</Filter>
    </CustomBuild>
    <ClInclude Include="globals.h">
      <Filter>Header Files</Filter>
    </ClInclude>
    <ClInclude Include="GL\glhelper.h">
      <Filter>Header Files\GL</Filter>
    </ClInclude>
    <ClInclude Include="Nodes\cavewall.h">
      <Filter>Header Files\Nodes</Filter>
    </ClInclude>
    <ClInclude Include="Nodes\exitnode.h">
      <Filter>Header Files\Nodes</Filter>
    </ClInclude>
    <ClInclude Include="Nodes\playernode.h">
      <Filter>Header Files\Nodes</Filter>
    </ClInclude>
    <ClInclude Include="Nodes\skybox.h">
      <Filter>Header Files\Nodes</Filter>
    </ClInclude>
    <CustomBuild Include="UI\window3d.h">
      <Filter>Header Files\UI</Filter>
    </CustomBuild>
  </ItemGroup>
  <ItemGroup>
    <ClInclude Include="Generators\cavegenerator.h">
      <Filter>Header Files\Generators</Filter>
    </ClInclude>
    <ClInclude Include="Generators\generators.h">
      <Filter>Header Files\Generators</Filter>
    </ClInclude>
    <ClInclude Include="Generators\objectsgenerator.h">
      <Filter>Header Files\Generators</Filter>
    </ClInclude>
    <ClInclude Include="Generators\roomgenerator.h">
      <Filter>Header Files\Generators</Filter>
    </ClInclude>
    <ClInclude Include="Handlers\collisionhandler.h">
      <Filter>Header Files\Handlers</Filter>
    </ClInclude>
    <ClInclude Include="GL\texturecache.h">
      <Filter>Header Files\GL</Filter>
    </ClInclude>
  </ItemGroup>
  <ItemGroup>
    <CustomBuild Include="GL\basescene.h">
      <Filter>Header Files\GL</Filter>
    </CustomBuild>
    <CustomBuild Include="GL\scenecamera.h">
      <Filter>Header Files\GL</Filter>
    </CustomBuild>
    <CustomBuild Include="GL\scenenode.h">
      <Filter>Header Files\GL</Filter>
    </CustomBuild>
  </ItemGroup>
</Project>